// !$*UTF8*$!
{
	archiveVersion = 1;
	classes = {
	};
	objectVersion = 46;
	objects = {

/* Begin PBXBuildFile section */
		A1615E4C1C07ED9B008952EC /* TopQuestionTableViewCell.m in Sources */ = {isa = PBXBuildFile; fileRef = A1615E4B1C07ED9B008952EC /* TopQuestionTableViewCell.m */; };
		A1615E4E1C19175B008952EC /* bolt.png in Resources */ = {isa = PBXBuildFile; fileRef = A1615E4D1C19175B008952EC /* bolt.png */; };
		A1615E541C1931AA008952EC /* Main.storyboard in Resources */ = {isa = PBXBuildFile; fileRef = A1615E531C1931AA008952EC /* Main.storyboard */; };
		A1615E571C193679008952EC /* SettingsViewController.m in Sources */ = {isa = PBXBuildFile; fileRef = A1615E561C193679008952EC /* SettingsViewController.m */; };
		A1615E591C194608008952EC /* Funny.png in Resources */ = {isa = PBXBuildFile; fileRef = A1615E581C194608008952EC /* Funny.png */; };
		A18142BF1BFD81DF003EDC5C /* QuestionsTableViewCell.m in Sources */ = {isa = PBXBuildFile; fileRef = A18142BE1BFD81DF003EDC5C /* QuestionsTableViewCell.m */; };
		A18142C21BFE98F8003EDC5C /* AnswersTableViewCell.m in Sources */ = {isa = PBXBuildFile; fileRef = A18142C11BFE98F8003EDC5C /* AnswersTableViewCell.m */; };
		A1A9AF721BFAA3E300961B99 /* main.m in Sources */ = {isa = PBXBuildFile; fileRef = A1A9AF711BFAA3E300961B99 /* main.m */; };
		A1A9AF751BFAA3E300961B99 /* AppDelegate.m in Sources */ = {isa = PBXBuildFile; fileRef = A1A9AF741BFAA3E300961B99 /* AppDelegate.m */; };
		A1A9AF7D1BFAA3E300961B99 /* Assets.xcassets in Resources */ = {isa = PBXBuildFile; fileRef = A1A9AF7C1BFAA3E300961B99 /* Assets.xcassets */; };
		A1A9AF801BFAA3E300961B99 /* LaunchScreen.storyboard in Resources */ = {isa = PBXBuildFile; fileRef = A1A9AF7E1BFAA3E300961B99 /* LaunchScreen.storyboard */; };
		A1A9AF891BFAA6CE00961B99 /* QuestionsViewTableViewController.m in Sources */ = {isa = PBXBuildFile; fileRef = A1A9AF881BFAA6CE00961B99 /* QuestionsViewTableViewController.m */; };
		A1A9AF8C1BFAAD0700961B99 /* SignInViewController.m in Sources */ = {isa = PBXBuildFile; fileRef = A1A9AF8B1BFAAD0700961B99 /* SignInViewController.m */; };
		A1A9AF8F1BFAAD2700961B99 /* SignUpViewController.m in Sources */ = {isa = PBXBuildFile; fileRef = A1A9AF8E1BFAAD2700961B99 /* SignUpViewController.m */; };
		A1A9AF981BFAB54900961B99 /* Bolts.framework in Frameworks */ = {isa = PBXBuildFile; fileRef = A1A9AF911BFAB54900961B99 /* Bolts.framework */; };
		A1A9AF991BFAB54900961B99 /* Parse.framework in Frameworks */ = {isa = PBXBuildFile; fileRef = A1A9AF921BFAB54900961B99 /* Parse.framework */; };
		A1A9AF9A1BFAB54900961B99 /* ParseCrashReporting.framework in Frameworks */ = {isa = PBXBuildFile; fileRef = A1A9AF931BFAB54900961B99 /* ParseCrashReporting.framework */; };
		A1A9AF9B1BFAB54900961B99 /* ParseFacebookUtils.framework in Frameworks */ = {isa = PBXBuildFile; fileRef = A1A9AF941BFAB54900961B99 /* ParseFacebookUtils.framework */; };
		A1A9AF9C1BFAB54900961B99 /* ParseFacebookUtilsV4.framework in Frameworks */ = {isa = PBXBuildFile; fileRef = A1A9AF951BFAB54900961B99 /* ParseFacebookUtilsV4.framework */; };
		A1A9AF9D1BFAB54900961B99 /* ParseTwitterUtils.framework in Frameworks */ = {isa = PBXBuildFile; fileRef = A1A9AF961BFAB54900961B99 /* ParseTwitterUtils.framework */; };
		A1A9AF9E1BFAB54900961B99 /* ParseUI.framework in Frameworks */ = {isa = PBXBuildFile; fileRef = A1A9AF971BFAB54900961B99 /* ParseUI.framework */; };
		A1A9AFA91BFAB64200961B99 /* Accounts.framework in Frameworks */ = {isa = PBXBuildFile; fileRef = A1A9AF9F1BFAB64200961B99 /* Accounts.framework */; };
		A1A9AFAA1BFAB64200961B99 /* AudioToolbox.framework in Frameworks */ = {isa = PBXBuildFile; fileRef = A1A9AFA01BFAB64200961B99 /* AudioToolbox.framework */; };
		A1A9AFAB1BFAB64200961B99 /* CFNetwork.framework in Frameworks */ = {isa = PBXBuildFile; fileRef = A1A9AFA11BFAB64200961B99 /* CFNetwork.framework */; };
		A1A9AFAC1BFAB64200961B99 /* CoreGraphics.framework in Frameworks */ = {isa = PBXBuildFile; fileRef = A1A9AFA21BFAB64200961B99 /* CoreGraphics.framework */; };
		A1A9AFAD1BFAB64200961B99 /* CoreLocation.framework in Frameworks */ = {isa = PBXBuildFile; fileRef = A1A9AFA31BFAB64200961B99 /* CoreLocation.framework */; };
		A1A9AFAE1BFAB64200961B99 /* QuartzCore.framework in Frameworks */ = {isa = PBXBuildFile; fileRef = A1A9AFA41BFAB64200961B99 /* QuartzCore.framework */; };
		A1A9AFAF1BFAB64200961B99 /* Security.framework in Frameworks */ = {isa = PBXBuildFile; fileRef = A1A9AFA51BFAB64200961B99 /* Security.framework */; };
		A1A9AFB01BFAB64200961B99 /* Social.framework in Frameworks */ = {isa = PBXBuildFile; fileRef = A1A9AFA61BFAB64200961B99 /* Social.framework */; };
		A1A9AFB11BFAB64200961B99 /* StoreKit.framework in Frameworks */ = {isa = PBXBuildFile; fileRef = A1A9AFA71BFAB64200961B99 /* StoreKit.framework */; };
		A1A9AFB21BFAB64200961B99 /* SystemConfiguration.framework in Frameworks */ = {isa = PBXBuildFile; fileRef = A1A9AFA81BFAB64200961B99 /* SystemConfiguration.framework */; };
		A1A9AFB41BFAB67400961B99 /* libz.tbd in Frameworks */ = {isa = PBXBuildFile; fileRef = A1A9AFB31BFAB67400961B99 /* libz.tbd */; };
		A1A9AFB61BFAB67F00961B99 /* libsqlite3.tbd in Frameworks */ = {isa = PBXBuildFile; fileRef = A1A9AFB51BFAB67F00961B99 /* libsqlite3.tbd */; };
		A1A9AFB91BFAD09B00961B99 /* AskQuestionViewController.m in Sources */ = {isa = PBXBuildFile; fileRef = A1A9AFB81BFAD09B00961B99 /* AskQuestionViewController.m */; };
		A1A9AFBC1BFBF8D100961B99 /* AnswersTableViewController.m in Sources */ = {isa = PBXBuildFile; fileRef = A1A9AFBB1BFBF8D100961B99 /* AnswersTableViewController.m */; };
		A1A9AFBF1BFC070D00961B99 /* AnswerQuestionViewController.m in Sources */ = {isa = PBXBuildFile; fileRef = A1A9AFBE1BFC070D00961B99 /* AnswerQuestionViewController.m */; };
		A1BFC2001C1F831A00E77EB7 /* Angry.png in Resources */ = {isa = PBXBuildFile; fileRef = A1BFC1FC1C1F831A00E77EB7 /* Angry.png */; };
		A1BFC2011C1F831A00E77EB7 /* Sad.png in Resources */ = {isa = PBXBuildFile; fileRef = A1BFC1FD1C1F831A00E77EB7 /* Sad.png */; };
		A1BFC2021C1F831A00E77EB7 /* Amazing.png in Resources */ = {isa = PBXBuildFile; fileRef = A1BFC1FE1C1F831A00E77EB7 /* Amazing.png */; };
		A1BFC2031C1F831A00E77EB7 /* Happy.png in Resources */ = {isa = PBXBuildFile; fileRef = A1BFC1FF1C1F831A00E77EB7 /* Happy.png */; };
/* End PBXBuildFile section */

/* Begin PBXFileReference section */
		A1615E4A1C07ED9B008952EC /* TopQuestionTableViewCell.h */ = {isa = PBXFileReference; fileEncoding = 4; lastKnownFileType = sourcecode.c.h; path = TopQuestionTableViewCell.h; sourceTree = "<group>"; };
		A1615E4B1C07ED9B008952EC /* TopQuestionTableViewCell.m */ = {isa = PBXFileReference; fileEncoding = 4; lastKnownFileType = sourcecode.c.objc; path = TopQuestionTableViewCell.m; sourceTree = "<group>"; };
		A1615E4D1C19175B008952EC /* bolt.png */ = {isa = PBXFileReference; lastKnownFileType = image.png; path = bolt.png; sourceTree = "<group>"; };
		A1615E531C1931AA008952EC /* Main.storyboard */ = {isa = PBXFileReference; fileEncoding = 4; lastKnownFileType = file.storyboard; path = Main.storyboard; sourceTree = "<group>"; };
		A1615E551C193679008952EC /* SettingsViewController.h */ = {isa = PBXFileReference; fileEncoding = 4; lastKnownFileType = sourcecode.c.h; path = SettingsViewController.h; sourceTree = "<group>"; };
		A1615E561C193679008952EC /* SettingsViewController.m */ = {isa = PBXFileReference; fileEncoding = 4; lastKnownFileType = sourcecode.c.objc; path = SettingsViewController.m; sourceTree = "<group>"; };
		A1615E581C194608008952EC /* Funny.png */ = {isa = PBXFileReference; lastKnownFileType = image.png; path = Funny.png; sourceTree = "<group>"; };
		A18142BD1BFD81DF003EDC5C /* QuestionsTableViewCell.h */ = {isa = PBXFileReference; fileEncoding = 4; lastKnownFileType = sourcecode.c.h; path = QuestionsTableViewCell.h; sourceTree = "<group>"; };
		A18142BE1BFD81DF003EDC5C /* QuestionsTableViewCell.m */ = {isa = PBXFileReference; fileEncoding = 4; lastKnownFileType = sourcecode.c.objc; path = QuestionsTableViewCell.m; sourceTree = "<group>"; };
		A18142C01BFE98F8003EDC5C /* AnswersTableViewCell.h */ = {isa = PBXFileReference; fileEncoding = 4; lastKnownFileType = sourcecode.c.h; path = AnswersTableViewCell.h; sourceTree = "<group>"; };
		A18142C11BFE98F8003EDC5C /* AnswersTableViewCell.m */ = {isa = PBXFileReference; fileEncoding = 4; lastKnownFileType = sourcecode.c.objc; path = AnswersTableViewCell.m; sourceTree = "<group>"; };
		A1A9AF6D1BFAA3E300961B99 /* BloQuery.app */ = {isa = PBXFileReference; explicitFileType = wrapper.application; includeInIndex = 0; path = BloQuery.app; sourceTree = BUILT_PRODUCTS_DIR; };
		A1A9AF711BFAA3E300961B99 /* main.m */ = {isa = PBXFileReference; lastKnownFileType = sourcecode.c.objc; path = main.m; sourceTree = "<group>"; };
		A1A9AF731BFAA3E300961B99 /* AppDelegate.h */ = {isa = PBXFileReference; lastKnownFileType = sourcecode.c.h; path = AppDelegate.h; sourceTree = "<group>"; };
		A1A9AF741BFAA3E300961B99 /* AppDelegate.m */ = {isa = PBXFileReference; lastKnownFileType = sourcecode.c.objc; path = AppDelegate.m; sourceTree = "<group>"; };
		A1A9AF7C1BFAA3E300961B99 /* Assets.xcassets */ = {isa = PBXFileReference; lastKnownFileType = folder.assetcatalog; path = Assets.xcassets; sourceTree = "<group>"; };
		A1A9AF7F1BFAA3E300961B99 /* Base */ = {isa = PBXFileReference; lastKnownFileType = file.storyboard; name = Base; path = Base.lproj/LaunchScreen.storyboard; sourceTree = "<group>"; };
		A1A9AF811BFAA3E300961B99 /* Info.plist */ = {isa = PBXFileReference; lastKnownFileType = text.plist.xml; path = Info.plist; sourceTree = "<group>"; };
		A1A9AF871BFAA6CE00961B99 /* QuestionsViewTableViewController.h */ = {isa = PBXFileReference; fileEncoding = 4; lastKnownFileType = sourcecode.c.h; path = QuestionsViewTableViewController.h; sourceTree = "<group>"; };
		A1A9AF881BFAA6CE00961B99 /* QuestionsViewTableViewController.m */ = {isa = PBXFileReference; fileEncoding = 4; lastKnownFileType = sourcecode.c.objc; path = QuestionsViewTableViewController.m; sourceTree = "<group>"; };
		A1A9AF8A1BFAAD0700961B99 /* SignInViewController.h */ = {isa = PBXFileReference; fileEncoding = 4; lastKnownFileType = sourcecode.c.h; path = SignInViewController.h; sourceTree = "<group>"; };
		A1A9AF8B1BFAAD0700961B99 /* SignInViewController.m */ = {isa = PBXFileReference; fileEncoding = 4; lastKnownFileType = sourcecode.c.objc; path = SignInViewController.m; sourceTree = "<group>"; };
		A1A9AF8D1BFAAD2700961B99 /* SignUpViewController.h */ = {isa = PBXFileReference; fileEncoding = 4; lastKnownFileType = sourcecode.c.h; path = SignUpViewController.h; sourceTree = "<group>"; };
		A1A9AF8E1BFAAD2700961B99 /* SignUpViewController.m */ = {isa = PBXFileReference; fileEncoding = 4; lastKnownFileType = sourcecode.c.objc; path = SignUpViewController.m; sourceTree = "<group>"; };
		A1A9AF911BFAB54900961B99 /* Bolts.framework */ = {isa = PBXFileReference; lastKnownFileType = wrapper.framework; path = Bolts.framework; sourceTree = "<group>"; };
		A1A9AF921BFAB54900961B99 /* Parse.framework */ = {isa = PBXFileReference; lastKnownFileType = wrapper.framework; path = Parse.framework; sourceTree = "<group>"; };
		A1A9AF931BFAB54900961B99 /* ParseCrashReporting.framework */ = {isa = PBXFileReference; lastKnownFileType = wrapper.framework; path = ParseCrashReporting.framework; sourceTree = "<group>"; };
		A1A9AF941BFAB54900961B99 /* ParseFacebookUtils.framework */ = {isa = PBXFileReference; lastKnownFileType = wrapper.framework; path = ParseFacebookUtils.framework; sourceTree = "<group>"; };
		A1A9AF951BFAB54900961B99 /* ParseFacebookUtilsV4.framework */ = {isa = PBXFileReference; lastKnownFileType = wrapper.framework; path = ParseFacebookUtilsV4.framework; sourceTree = "<group>"; };
		A1A9AF961BFAB54900961B99 /* ParseTwitterUtils.framework */ = {isa = PBXFileReference; lastKnownFileType = wrapper.framework; path = ParseTwitterUtils.framework; sourceTree = "<group>"; };
		A1A9AF971BFAB54900961B99 /* ParseUI.framework */ = {isa = PBXFileReference; lastKnownFileType = wrapper.framework; path = ParseUI.framework; sourceTree = "<group>"; };
		A1A9AF9F1BFAB64200961B99 /* Accounts.framework */ = {isa = PBXFileReference; lastKnownFileType = wrapper.framework; name = Accounts.framework; path = System/Library/Frameworks/Accounts.framework; sourceTree = SDKROOT; };
		A1A9AFA01BFAB64200961B99 /* AudioToolbox.framework */ = {isa = PBXFileReference; lastKnownFileType = wrapper.framework; name = AudioToolbox.framework; path = System/Library/Frameworks/AudioToolbox.framework; sourceTree = SDKROOT; };
		A1A9AFA11BFAB64200961B99 /* CFNetwork.framework */ = {isa = PBXFileReference; lastKnownFileType = wrapper.framework; name = CFNetwork.framework; path = System/Library/Frameworks/CFNetwork.framework; sourceTree = SDKROOT; };
		A1A9AFA21BFAB64200961B99 /* CoreGraphics.framework */ = {isa = PBXFileReference; lastKnownFileType = wrapper.framework; name = CoreGraphics.framework; path = System/Library/Frameworks/CoreGraphics.framework; sourceTree = SDKROOT; };
		A1A9AFA31BFAB64200961B99 /* CoreLocation.framework */ = {isa = PBXFileReference; lastKnownFileType = wrapper.framework; name = CoreLocation.framework; path = System/Library/Frameworks/CoreLocation.framework; sourceTree = SDKROOT; };
		A1A9AFA41BFAB64200961B99 /* QuartzCore.framework */ = {isa = PBXFileReference; lastKnownFileType = wrapper.framework; name = QuartzCore.framework; path = System/Library/Frameworks/QuartzCore.framework; sourceTree = SDKROOT; };
		A1A9AFA51BFAB64200961B99 /* Security.framework */ = {isa = PBXFileReference; lastKnownFileType = wrapper.framework; name = Security.framework; path = System/Library/Frameworks/Security.framework; sourceTree = SDKROOT; };
		A1A9AFA61BFAB64200961B99 /* Social.framework */ = {isa = PBXFileReference; lastKnownFileType = wrapper.framework; name = Social.framework; path = System/Library/Frameworks/Social.framework; sourceTree = SDKROOT; };
		A1A9AFA71BFAB64200961B99 /* StoreKit.framework */ = {isa = PBXFileReference; lastKnownFileType = wrapper.framework; name = StoreKit.framework; path = System/Library/Frameworks/StoreKit.framework; sourceTree = SDKROOT; };
		A1A9AFA81BFAB64200961B99 /* SystemConfiguration.framework */ = {isa = PBXFileReference; lastKnownFileType = wrapper.framework; name = SystemConfiguration.framework; path = System/Library/Frameworks/SystemConfiguration.framework; sourceTree = SDKROOT; };
		A1A9AFB31BFAB67400961B99 /* libz.tbd */ = {isa = PBXFileReference; lastKnownFileType = "sourcecode.text-based-dylib-definition"; name = libz.tbd; path = usr/lib/libz.tbd; sourceTree = SDKROOT; };
		A1A9AFB51BFAB67F00961B99 /* libsqlite3.tbd */ = {isa = PBXFileReference; lastKnownFileType = "sourcecode.text-based-dylib-definition"; name = libsqlite3.tbd; path = usr/lib/libsqlite3.tbd; sourceTree = SDKROOT; };
		A1A9AFB71BFAD09B00961B99 /* AskQuestionViewController.h */ = {isa = PBXFileReference; fileEncoding = 4; lastKnownFileType = sourcecode.c.h; path = AskQuestionViewController.h; sourceTree = "<group>"; };
		A1A9AFB81BFAD09B00961B99 /* AskQuestionViewController.m */ = {isa = PBXFileReference; fileEncoding = 4; lastKnownFileType = sourcecode.c.objc; path = AskQuestionViewController.m; sourceTree = "<group>"; };
		A1A9AFBA1BFBF8D100961B99 /* AnswersTableViewController.h */ = {isa = PBXFileReference; fileEncoding = 4; lastKnownFileType = sourcecode.c.h; path = AnswersTableViewController.h; sourceTree = "<group>"; };
		A1A9AFBB1BFBF8D100961B99 /* AnswersTableViewController.m */ = {isa = PBXFileReference; fileEncoding = 4; lastKnownFileType = sourcecode.c.objc; path = AnswersTableViewController.m; sourceTree = "<group>"; };
		A1A9AFBD1BFC070D00961B99 /* AnswerQuestionViewController.h */ = {isa = PBXFileReference; fileEncoding = 4; lastKnownFileType = sourcecode.c.h; path = AnswerQuestionViewController.h; sourceTree = "<group>"; };
		A1A9AFBE1BFC070D00961B99 /* AnswerQuestionViewController.m */ = {isa = PBXFileReference; fileEncoding = 4; lastKnownFileType = sourcecode.c.objc; path = AnswerQuestionViewController.m; sourceTree = "<group>"; };
		A1BFC1FC1C1F831A00E77EB7 /* Angry.png */ = {isa = PBXFileReference; lastKnownFileType = image.png; path = Angry.png; sourceTree = "<group>"; };
		A1BFC1FD1C1F831A00E77EB7 /* Sad.png */ = {isa = PBXFileReference; lastKnownFileType = image.png; path = Sad.png; sourceTree = "<group>"; };
		A1BFC1FE1C1F831A00E77EB7 /* Amazing.png */ = {isa = PBXFileReference; lastKnownFileType = image.png; path = Amazing.png; sourceTree = "<group>"; };
		A1BFC1FF1C1F831A00E77EB7 /* Happy.png */ = {isa = PBXFileReference; lastKnownFileType = image.png; path = Happy.png; sourceTree = "<group>"; };
/* End PBXFileReference section */

/* Begin PBXFrameworksBuildPhase section */
		A1A9AF6A1BFAA3E300961B99 /* Frameworks */ = {
			isa = PBXFrameworksBuildPhase;
			buildActionMask = 2147483647;
			files = (
				A1A9AFB61BFAB67F00961B99 /* libsqlite3.tbd in Frameworks */,
				A1A9AFB41BFAB67400961B99 /* libz.tbd in Frameworks */,
				A1A9AFA91BFAB64200961B99 /* Accounts.framework in Frameworks */,
				A1A9AFAA1BFAB64200961B99 /* AudioToolbox.framework in Frameworks */,
				A1A9AFAB1BFAB64200961B99 /* CFNetwork.framework in Frameworks */,
				A1A9AFAC1BFAB64200961B99 /* CoreGraphics.framework in Frameworks */,
				A1A9AFAD1BFAB64200961B99 /* CoreLocation.framework in Frameworks */,
				A1A9AFAE1BFAB64200961B99 /* QuartzCore.framework in Frameworks */,
				A1A9AFAF1BFAB64200961B99 /* Security.framework in Frameworks */,
				A1A9AFB01BFAB64200961B99 /* Social.framework in Frameworks */,
				A1A9AFB11BFAB64200961B99 /* StoreKit.framework in Frameworks */,
				A1A9AFB21BFAB64200961B99 /* SystemConfiguration.framework in Frameworks */,
				A1A9AF991BFAB54900961B99 /* Parse.framework in Frameworks */,
				A1A9AF9A1BFAB54900961B99 /* ParseCrashReporting.framework in Frameworks */,
				A1A9AF9E1BFAB54900961B99 /* ParseUI.framework in Frameworks */,
				A1A9AF9B1BFAB54900961B99 /* ParseFacebookUtils.framework in Frameworks */,
				A1A9AF981BFAB54900961B99 /* Bolts.framework in Frameworks */,
				A1A9AF9D1BFAB54900961B99 /* ParseTwitterUtils.framework in Frameworks */,
				A1A9AF9C1BFAB54900961B99 /* ParseFacebookUtilsV4.framework in Frameworks */,
			);
			runOnlyForDeploymentPostprocessing = 0;
		};
/* End PBXFrameworksBuildPhase section */

/* Begin PBXGroup section */
		A1615E4F1C191768008952EC /* Images */ = {
			isa = PBXGroup;
			children = (
				A1615E4D1C19175B008952EC /* bolt.png */,
				A1615E581C194608008952EC /* Funny.png */,
				A1BFC1FC1C1F831A00E77EB7 /* Angry.png */,
				A1BFC1FD1C1F831A00E77EB7 /* Sad.png */,
				A1BFC1FE1C1F831A00E77EB7 /* Amazing.png */,
				A1BFC1FF1C1F831A00E77EB7 /* Happy.png */,
			);
			name = Images;
			sourceTree = "<group>";
		};
		A1A9AF641BFAA3E300961B99 = {
			isa = PBXGroup;
			children = (
				A1A9AF6F1BFAA3E300961B99 /* BloQuery */,
				A1A9AF6E1BFAA3E300961B99 /* Products */,
				A1A9AF901BFAB54900961B99 /* Parse */,
			);
			sourceTree = "<group>";
		};
		A1A9AF6E1BFAA3E300961B99 /* Products */ = {
			isa = PBXGroup;
			children = (
				A1A9AF6D1BFAA3E300961B99 /* BloQuery.app */,
			);
			name = Products;
			sourceTree = "<group>";
		};
		A1A9AF6F1BFAA3E300961B99 /* BloQuery */ = {
			isa = PBXGroup;
			children = (
				A1615E531C1931AA008952EC /* Main.storyboard */,
				A1A9AF731BFAA3E300961B99 /* AppDelegate.h */,
				A1A9AF741BFAA3E300961B99 /* AppDelegate.m */,
				A1A9AF8A1BFAAD0700961B99 /* SignInViewController.h */,
				A1A9AF8B1BFAAD0700961B99 /* SignInViewController.m */,
				A1A9AF8D1BFAAD2700961B99 /* SignUpViewController.h */,
				A1A9AF8E1BFAAD2700961B99 /* SignUpViewController.m */,
				A1A9AF871BFAA6CE00961B99 /* QuestionsViewTableViewController.h */,
				A1A9AF881BFAA6CE00961B99 /* QuestionsViewTableViewController.m */,
				A1615E551C193679008952EC /* SettingsViewController.h */,
				A1615E561C193679008952EC /* SettingsViewController.m */,
				A18142BD1BFD81DF003EDC5C /* QuestionsTableViewCell.h */,
				A18142BE1BFD81DF003EDC5C /* QuestionsTableViewCell.m */,
				A1A9AFB71BFAD09B00961B99 /* AskQuestionViewController.h */,
				A1A9AFB81BFAD09B00961B99 /* AskQuestionViewController.m */,
				A1A9AFBA1BFBF8D100961B99 /* AnswersTableViewController.h */,
				A1A9AFBB1BFBF8D100961B99 /* AnswersTableViewController.m */,
				A18142C01BFE98F8003EDC5C /* AnswersTableViewCell.h */,
				A18142C11BFE98F8003EDC5C /* AnswersTableViewCell.m */,
				A1615E4A1C07ED9B008952EC /* TopQuestionTableViewCell.h */,
				A1615E4B1C07ED9B008952EC /* TopQuestionTableViewCell.m */,
				A1A9AFBD1BFC070D00961B99 /* AnswerQuestionViewController.h */,
				A1A9AFBE1BFC070D00961B99 /* AnswerQuestionViewController.m */,
				A1A9AF701BFAA3E300961B99 /* Supporting Files */,
			);
			path = BloQuery;
			sourceTree = "<group>";
		};
		A1A9AF701BFAA3E300961B99 /* Supporting Files */ = {
			isa = PBXGroup;
			children = (
				A1615E4F1C191768008952EC /* Images */,
				A1A9AF7C1BFAA3E300961B99 /* Assets.xcassets */,
				A1A9AF7E1BFAA3E300961B99 /* LaunchScreen.storyboard */,
				A1A9AF811BFAA3E300961B99 /* Info.plist */,
				A1A9AF711BFAA3E300961B99 /* main.m */,
			);
			name = "Supporting Files";
			sourceTree = "<group>";
		};
		A1A9AF901BFAB54900961B99 /* Parse */ = {
			isa = PBXGroup;
			children = (
				A1A9AFB51BFAB67F00961B99 /* libsqlite3.tbd */,
				A1A9AFB31BFAB67400961B99 /* libz.tbd */,
				A1A9AF9F1BFAB64200961B99 /* Accounts.framework */,
				A1A9AFA01BFAB64200961B99 /* AudioToolbox.framework */,
				A1A9AFA11BFAB64200961B99 /* CFNetwork.framework */,
				A1A9AFA21BFAB64200961B99 /* CoreGraphics.framework */,
				A1A9AFA31BFAB64200961B99 /* CoreLocation.framework */,
				A1A9AFA41BFAB64200961B99 /* QuartzCore.framework */,
				A1A9AFA51BFAB64200961B99 /* Security.framework */,
				A1A9AFA61BFAB64200961B99 /* Social.framework */,
				A1A9AFA71BFAB64200961B99 /* StoreKit.framework */,
				A1A9AFA81BFAB64200961B99 /* SystemConfiguration.framework */,
				A1A9AF911BFAB54900961B99 /* Bolts.framework */,
				A1A9AF921BFAB54900961B99 /* Parse.framework */,
				A1A9AF931BFAB54900961B99 /* ParseCrashReporting.framework */,
				A1A9AF941BFAB54900961B99 /* ParseFacebookUtils.framework */,
				A1A9AF951BFAB54900961B99 /* ParseFacebookUtilsV4.framework */,
				A1A9AF961BFAB54900961B99 /* ParseTwitterUtils.framework */,
				A1A9AF971BFAB54900961B99 /* ParseUI.framework */,
			);
			name = Parse;
			path = "BloQuery/parse-library-1.9.1(1)";
			sourceTree = "<group>";
		};
/* End PBXGroup section */

/* Begin PBXNativeTarget section */
		A1A9AF6C1BFAA3E300961B99 /* BloQuery */ = {
			isa = PBXNativeTarget;
			buildConfigurationList = A1A9AF841BFAA3E300961B99 /* Build configuration list for PBXNativeTarget "BloQuery" */;
			buildPhases = (
				A1A9AF691BFAA3E300961B99 /* Sources */,
				A1A9AF6A1BFAA3E300961B99 /* Frameworks */,
				A1A9AF6B1BFAA3E300961B99 /* Resources */,
			);
			buildRules = (
			);
			dependencies = (
			);
			name = BloQuery;
			productName = BloQuery;
			productReference = A1A9AF6D1BFAA3E300961B99 /* BloQuery.app */;
			productType = "com.apple.product-type.application";
		};
/* End PBXNativeTarget section */

/* Begin PBXProject section */
		A1A9AF651BFAA3E300961B99 /* Project object */ = {
			isa = PBXProject;
			attributes = {
				LastUpgradeCheck = 0710;
				ORGANIZATIONNAME = "Hermes Alvarez";
				TargetAttributes = {
					A1A9AF6C1BFAA3E300961B99 = {
						CreatedOnToolsVersion = 7.1;
					};
				};
			};
			buildConfigurationList = A1A9AF681BFAA3E300961B99 /* Build configuration list for PBXProject "BloQuery" */;
			compatibilityVersion = "Xcode 3.2";
			developmentRegion = English;
			hasScannedForEncodings = 0;
			knownRegions = (
				en,
				Base,
			);
			mainGroup = A1A9AF641BFAA3E300961B99;
			productRefGroup = A1A9AF6E1BFAA3E300961B99 /* Products */;
			projectDirPath = "";
			projectRoot = "";
			targets = (
				A1A9AF6C1BFAA3E300961B99 /* BloQuery */,
			);
		};
/* End PBXProject section */

/* Begin PBXResourcesBuildPhase section */
		A1A9AF6B1BFAA3E300961B99 /* Resources */ = {
			isa = PBXResourcesBuildPhase;
			buildActionMask = 2147483647;
			files = (
				A1615E4E1C19175B008952EC /* bolt.png in Resources */,
				A1BFC2011C1F831A00E77EB7 /* Sad.png in Resources */,
				A1A9AF801BFAA3E300961B99 /* LaunchScreen.storyboard in Resources */,
				A1615E541C1931AA008952EC /* Main.storyboard in Resources */,
				A1BFC2001C1F831A00E77EB7 /* Angry.png in Resources */,
				A1BFC2021C1F831A00E77EB7 /* Amazing.png in Resources */,
				A1BFC2031C1F831A00E77EB7 /* Happy.png in Resources */,
				A1615E591C194608008952EC /* Funny.png in Resources */,
				A1A9AF7D1BFAA3E300961B99 /* Assets.xcassets in Resources */,
			);
			runOnlyForDeploymentPostprocessing = 0;
		};
/* End PBXResourcesBuildPhase section */

/* Begin PBXSourcesBuildPhase section */
		A1A9AF691BFAA3E300961B99 /* Sources */ = {
			isa = PBXSourcesBuildPhase;
			buildActionMask = 2147483647;
			files = (
				A1A9AFBF1BFC070D00961B99 /* AnswerQuestionViewController.m in Sources */,
				A1A9AF8C1BFAAD0700961B99 /* SignInViewController.m in Sources */,
				A18142BF1BFD81DF003EDC5C /* QuestionsTableViewCell.m in Sources */,
				A1615E571C193679008952EC /* SettingsViewController.m in Sources */,
				A18142C21BFE98F8003EDC5C /* AnswersTableViewCell.m in Sources */,
				A1A9AF8F1BFAAD2700961B99 /* SignUpViewController.m in Sources */,
				A1A9AF751BFAA3E300961B99 /* AppDelegate.m in Sources */,
				A1A9AF891BFAA6CE00961B99 /* QuestionsViewTableViewController.m in Sources */,
				A1615E4C1C07ED9B008952EC /* TopQuestionTableViewCell.m in Sources */,
				A1A9AFB91BFAD09B00961B99 /* AskQuestionViewController.m in Sources */,
				A1A9AF721BFAA3E300961B99 /* main.m in Sources */,
				A1A9AFBC1BFBF8D100961B99 /* AnswersTableViewController.m in Sources */,
			);
			runOnlyForDeploymentPostprocessing = 0;
		};
/* End PBXSourcesBuildPhase section */

/* Begin PBXVariantGroup section */
		A1A9AF7E1BFAA3E300961B99 /* LaunchScreen.storyboard */ = {
			isa = PBXVariantGroup;
			children = (
				A1A9AF7F1BFAA3E300961B99 /* Base */,
			);
			name = LaunchScreen.storyboard;
			sourceTree = "<group>";
		};
/* End PBXVariantGroup section */

/* Begin XCBuildConfiguration section */
		A1A9AF821BFAA3E300961B99 /* Debug */ = {
			isa = XCBuildConfiguration;
			buildSettings = {
				ALWAYS_SEARCH_USER_PATHS = NO;
				CLANG_CXX_LANGUAGE_STANDARD = "gnu++0x";
				CLANG_CXX_LIBRARY = "libc++";
				CLANG_ENABLE_MODULES = YES;
				CLANG_ENABLE_OBJC_ARC = YES;
				CLANG_WARN_BOOL_CONVERSION = YES;
				CLANG_WARN_CONSTANT_CONVERSION = YES;
				CLANG_WARN_DIRECT_OBJC_ISA_USAGE = YES_ERROR;
				CLANG_WARN_EMPTY_BODY = YES;
				CLANG_WARN_ENUM_CONVERSION = YES;
				CLANG_WARN_INT_CONVERSION = YES;
				CLANG_WARN_OBJC_ROOT_CLASS = YES_ERROR;
				CLANG_WARN_UNREACHABLE_CODE = YES;
				CLANG_WARN__DUPLICATE_METHOD_MATCH = YES;
				"CODE_SIGN_IDENTITY[sdk=iphoneos*]" = "iPhone Developer";
				COPY_PHASE_STRIP = NO;
				DEBUG_INFORMATION_FORMAT = dwarf;
				ENABLE_STRICT_OBJC_MSGSEND = YES;
				ENABLE_TESTABILITY = YES;
				GCC_C_LANGUAGE_STANDARD = gnu99;
				GCC_DYNAMIC_NO_PIC = NO;
				GCC_NO_COMMON_BLOCKS = YES;
				GCC_OPTIMIZATION_LEVEL = 0;
				GCC_PREPROCESSOR_DEFINITIONS = (
					"DEBUG=1",
					"$(inherited)",
				);
				GCC_WARN_64_TO_32_BIT_CONVERSION = YES;
				GCC_WARN_ABOUT_RETURN_TYPE = YES_ERROR;
				GCC_WARN_UNDECLARED_SELECTOR = YES;
				GCC_WARN_UNINITIALIZED_AUTOS = YES_AGGRESSIVE;
				GCC_WARN_UNUSED_FUNCTION = YES;
				GCC_WARN_UNUSED_VARIABLE = YES;
				IPHONEOS_DEPLOYMENT_TARGET = 9.1;
				MTL_ENABLE_DEBUG_INFO = YES;
				ONLY_ACTIVE_ARCH = YES;
				SDKROOT = iphoneos;
			};
			name = Debug;
		};
		A1A9AF831BFAA3E300961B99 /* Release */ = {
			isa = XCBuildConfiguration;
			buildSettings = {
				ALWAYS_SEARCH_USER_PATHS = NO;
				CLANG_CXX_LANGUAGE_STANDARD = "gnu++0x";
				CLANG_CXX_LIBRARY = "libc++";
				CLANG_ENABLE_MODULES = YES;
				CLANG_ENABLE_OBJC_ARC = YES;
				CLANG_WARN_BOOL_CONVERSION = YES;
				CLANG_WARN_CONSTANT_CONVERSION = YES;
				CLANG_WARN_DIRECT_OBJC_ISA_USAGE = YES_ERROR;
				CLANG_WARN_EMPTY_BODY = YES;
				CLANG_WARN_ENUM_CONVERSION = YES;
				CLANG_WARN_INT_CONVERSION = YES;
				CLANG_WARN_OBJC_ROOT_CLASS = YES_ERROR;
				CLANG_WARN_UNREACHABLE_CODE = YES;
				CLANG_WARN__DUPLICATE_METHOD_MATCH = YES;
				"CODE_SIGN_IDENTITY[sdk=iphoneos*]" = "iPhone Developer";
				COPY_PHASE_STRIP = NO;
				DEBUG_INFORMATION_FORMAT = "dwarf-with-dsym";
				ENABLE_NS_ASSERTIONS = NO;
				ENABLE_STRICT_OBJC_MSGSEND = YES;
				GCC_C_LANGUAGE_STANDARD = gnu99;
				GCC_NO_COMMON_BLOCKS = YES;
				GCC_WARN_64_TO_32_BIT_CONVERSION = YES;
				GCC_WARN_ABOUT_RETURN_TYPE = YES_ERROR;
				GCC_WARN_UNDECLARED_SELECTOR = YES;
				GCC_WARN_UNINITIALIZED_AUTOS = YES_AGGRESSIVE;
				GCC_WARN_UNUSED_FUNCTION = YES;
				GCC_WARN_UNUSED_VARIABLE = YES;
				IPHONEOS_DEPLOYMENT_TARGET = 9.1;
				MTL_ENABLE_DEBUG_INFO = NO;
				SDKROOT = iphoneos;
				VALIDATE_PRODUCT = YES;
			};
			name = Release;
		};
		A1A9AF851BFAA3E300961B99 /* Debug */ = {
			isa = XCBuildConfiguration;
			buildSettings = {
				ASSETCATALOG_COMPILER_APPICON_NAME = AppIcon;
				FRAMEWORK_SEARCH_PATHS = (
					"$(inherited)",
					"$(PROJECT_DIR)/BloQuery/parse-library-1.9.1(1)",
				);
				INFOPLIST_FILE = BloQuery/Info.plist;
				LD_RUNPATH_SEARCH_PATHS = "$(inherited) @executable_path/Frameworks";
				PRODUCT_BUNDLE_IDENTIFIER = com.hermesalvarez.BloQuery;
				PRODUCT_NAME = "$(TARGET_NAME)";
			};
			name = Debug;
		};
		A1A9AF861BFAA3E300961B99 /* Release */ = {
			isa = XCBuildConfiguration;
			buildSettings = {
				ASSETCATALOG_COMPILER_APPICON_NAME = AppIcon;
				FRAMEWORK_SEARCH_PATHS = (
					"$(inherited)",
					"$(PROJECT_DIR)/BloQuery/parse-library-1.9.1(1)",
				);
				INFOPLIST_FILE = BloQuery/Info.plist;
				LD_RUNPATH_SEARCH_PATHS = "$(inherited) @executable_path/Frameworks";
				PRODUCT_BUNDLE_IDENTIFIER = com.hermesalvarez.BloQuery;
				PRODUCT_NAME = "$(TARGET_NAME)";
			};
			name = Release;
		};
/* End XCBuildConfiguration section */

/* Begin XCConfigurationList section */
		A1A9AF681BFAA3E300961B99 /* Build configuration list for PBXProject "BloQuery" */ = {
			isa = XCConfigurationList;
			buildConfigurations = (
				A1A9AF821BFAA3E300961B99 /* Debug */,
				A1A9AF831BFAA3E300961B99 /* Release */,
			);
			defaultConfigurationIsVisible = 0;
			defaultConfigurationName = Release;
		};
		A1A9AF841BFAA3E300961B99 /* Build configuration list for PBXNativeTarget "BloQuery" */ = {
			isa = XCConfigurationList;
			buildConfigurations = (
				A1A9AF851BFAA3E300961B99 /* Debug */,
				A1A9AF861BFAA3E300961B99 /* Release */,
			);
			defaultConfigurationIsVisible = 0;
			defaultConfigurationName = Release;
		};
/* End XCConfigurationList section */
	};
	rootObject = A1A9AF651BFAA3E300961B99 /* Project object */;
}
